{
  "name": "mascota-virtual",
  "version": "1.0.0",
  "description": "Aplicación de mascota virtual desarrollada con React + Vite",
  "main": "index.js",
  "scripts": {
    "dev": "vite",
    "build": "vite build",
    "preview": "vite preview"
  },
  "keywords": ["react", "vite", "mascota-virtual", "spa"],
  "author": "Equipo TrabajoFinalEfsi_Engelberg",
  "license": "MIT"
}
